
Microsoft Visual Studio Solution File, Format Version 12.00
# Visual Studio 2013
VisualStudioVersion = 12.0.40629.0
MinimumVisualStudioVersion = 10.0.40219.1
Project("{8BC9CEB8-8B4A-11D0-8D11-00A0C91BC942}") = "sharedPtr", "sharedPtr\sharedPtr.vcxproj", "{75C113B7-3AEA-4C62-8C84-1BD364070A2B}"
EndProject
Project("{8BC9CEB8-8B4A-11D0-8D11-00A0C91BC942}") = "test", "test\test.vcxproj", "{4A49985D-70B4-42EF-BBE0-C3F3F3FEDAB5}"
EndProject
Global
	GlobalSection(SolutionConfigurationPlatforms) = preSolution
		Debug|Win32 = Debug|Win32
		Release|Win32 = Release|Win32
	EndGlobalSection
	GlobalSection(ProjectConfigurationPlatforms) = postSolution
		{75C113B7-3AEA-4C62-8C84-1BD364070A2B}.Debug|Win32.ActiveCfg = Debug|Win32
		{75C113B7-3AEA-4C62-8C84-1BD364070A2B}.Debug|Win32.Build.0 = Debug|Win32
		{75C113B7-3AEA-4C62-8C84-1BD364070A2B}.Release|Win32.ActiveCfg = Release|Win32
		{75C113B7-3AEA-4C62-8C84-1BD364070A2B}.Release|Win32.Build.0 = Release|Win32
		{4A49985D-70B4-42EF-BBE0-C3F3F3FEDAB5}.Debug|Win32.ActiveCfg = Debug|Win32
		{4A49985D-70B4-42EF-BBE0-C3F3F3FEDAB5}.Debug|Win32.Build.0 = Debug|Win32
		{4A49985D-70B4-42EF-BBE0-C3F3F3FEDAB5}.Release|Win32.ActiveCfg = Release|Win32
		{4A49985D-70B4-42EF-BBE0-C3F3F3FEDAB5}.Release|Win32.Build.0 = Release|Win32
	EndGlobalSection
	GlobalSection(SolutionProperties) = preSolution
		HideSolutionNode = FALSE
	EndGlobalSection
EndGlobal
